version = 1
revision = 3
requires-python = ">=3.12"

[[package]]
name = "2025-12-11-channel329"
version = "0.1.0"
source = { virtual = "." }
dependencies = [
    { name = "architectds" },
]

[package.metadata]
requires-dist = [{ name = "architectds", git = "https://github.com/AntonioND/architectds" }]

[[package]]
name = "architectds"
version = "0.4.3"
source = { git = "https://github.com/AntonioND/architectds#30d2d6cbc21e4bb932a3fb2674eeba86981a1ad7" }
